// !$*UTF8*$!
{
	archiveVersion = 1;
	classes = {
	};
	objectVersion = 46;
	objects = {

/* Begin PBXBuildFile section */
		2F3E8BF12448EA890096138B /* PontaGithubPinning.cer in Resources */ = {isa = PBXBuildFile; fileRef = 2F3E8BEC2448EA890096138B /* PontaGithubPinning.cer */; };
		2F3E8BF22448EA890096138B /* MeioUOLPinning.cer in Resources */ = {isa = PBXBuildFile; fileRef = 2F3E8BED2448EA890096138B /* MeioUOLPinning.cer */; };
		2F3E8BF32448EA890096138B /* MeioGithubPinning.cer in Resources */ = {isa = PBXBuildFile; fileRef = 2F3E8BEE2448EA890096138B /* MeioGithubPinning.cer */; };
		2F3E8BF42448EA890096138B /* RaizUOLPinning.cer in Resources */ = {isa = PBXBuildFile; fileRef = 2F3E8BEF2448EA890096138B /* RaizUOLPinning.cer */; };
		2F3E8BF52448EA890096138B /* RaizGithubPinning.cer in Resources */ = {isa = PBXBuildFile; fileRef = 2F3E8BF02448EA890096138B /* RaizGithubPinning.cer */; };
		2F3E8BF72448EA900096138B /* SampleListTableViewController.swift in Sources */ = {isa = PBXBuildFile; fileRef = 2F3E8BF62448EA900096138B /* SampleListTableViewController.swift */; };
		2F90218D24494AAB003CDC19 /* SampleResponseTableViewController.swift in Sources */ = {isa = PBXBuildFile; fileRef = 2F90218C24494AAB003CDC19 /* SampleResponseTableViewController.swift */; };
		607FACD61AFB9204008FA782 /* AppDelegate.swift in Sources */ = {isa = PBXBuildFile; fileRef = 607FACD51AFB9204008FA782 /* AppDelegate.swift */; };
		607FACDD1AFB9204008FA782 /* Images.xcassets in Resources */ = {isa = PBXBuildFile; fileRef = 607FACDC1AFB9204008FA782 /* Images.xcassets */; };
		607FACE01AFB9204008FA782 /* LaunchScreen.xib in Resources */ = {isa = PBXBuildFile; fileRef = 607FACDE1AFB9204008FA782 /* LaunchScreen.xib */; };
		AACBA8619070AFA7E09F17E5 /* Pods_SimpleConnector_Example.framework in Frameworks */ = {isa = PBXBuildFile; fileRef = A194C1BA47AE2EADBB08C844 /* Pods_SimpleConnector_Example.framework */; };
/* End PBXBuildFile section */

/* Begin PBXFileReference section */
		2F3E8BEC2448EA890096138B /* PontaGithubPinning.cer */ = {isa = PBXFileReference; lastKnownFileType = file; path = PontaGithubPinning.cer; sourceTree = "<group>"; };
		2F3E8BED2448EA890096138B /* MeioUOLPinning.cer */ = {isa = PBXFileReference; lastKnownFileType = file; path = MeioUOLPinning.cer; sourceTree = "<group>"; };
		2F3E8BEE2448EA890096138B /* MeioGithubPinning.cer */ = {isa = PBXFileReference; lastKnownFileType = file; path = MeioGithubPinning.cer; sourceTree = "<group>"; };
		2F3E8BEF2448EA890096138B /* RaizUOLPinning.cer */ = {isa = PBXFileReference; lastKnownFileType = file; path = RaizUOLPinning.cer; sourceTree = "<group>"; };
		2F3E8BF02448EA890096138B /* RaizGithubPinning.cer */ = {isa = PBXFileReference; lastKnownFileType = file; path = RaizGithubPinning.cer; sourceTree = "<group>"; };
		2F3E8BF62448EA900096138B /* SampleListTableViewController.swift */ = {isa = PBXFileReference; fileEncoding = 4; lastKnownFileType = sourcecode.swift; path = SampleListTableViewController.swift; sourceTree = "<group>"; };
		2F90218C24494AAB003CDC19 /* SampleResponseTableViewController.swift */ = {isa = PBXFileReference; lastKnownFileType = sourcecode.swift; path = SampleResponseTableViewController.swift; sourceTree = "<group>"; };
		4618369CE498D1BFC9A8F3F8 /* SimpleConnector.podspec */ = {isa = PBXFileReference; includeInIndex = 1; lastKnownFileType = text; name = SimpleConnector.podspec; path = ../SimpleConnector.podspec; sourceTree = "<group>"; xcLanguageSpecificationIdentifier = xcode.lang.ruby; };
		53BA126247CA06ED09A4303D /* Pods_SimpleConnector_Tests.framework */ = {isa = PBXFileReference; explicitFileType = wrapper.framework; includeInIndex = 0; path = Pods_SimpleConnector_Tests.framework; sourceTree = BUILT_PRODUCTS_DIR; };
		607FACD01AFB9204008FA782 /* SimpleConnector_Example.app */ = {isa = PBXFileReference; explicitFileType = wrapper.application; includeInIndex = 0; path = SimpleConnector_Example.app; sourceTree = BUILT_PRODUCTS_DIR; };
		607FACD41AFB9204008FA782 /* Info.plist */ = {isa = PBXFileReference; lastKnownFileType = text.plist.xml; path = Info.plist; sourceTree = "<group>"; };
		607FACD51AFB9204008FA782 /* AppDelegate.swift */ = {isa = PBXFileReference; lastKnownFileType = sourcecode.swift; path = AppDelegate.swift; sourceTree = "<group>"; };
		607FACDC1AFB9204008FA782 /* Images.xcassets */ = {isa = PBXFileReference; lastKnownFileType = folder.assetcatalog; path = Images.xcassets; sourceTree = "<group>"; };
		607FACDF1AFB9204008FA782 /* Base */ = {isa = PBXFileReference; lastKnownFileType = file.xib; name = Base; path = Base.lproj/LaunchScreen.xib; sourceTree = "<group>"; };
		83615D7726F4A49E6EDD0D8E /* Pods-SimpleConnector_Example.release.xcconfig */ = {isa = PBXFileReference; includeInIndex = 1; lastKnownFileType = text.xcconfig; name = "Pods-SimpleConnector_Example.release.xcconfig"; path = "Target Support Files/Pods-SimpleConnector_Example/Pods-SimpleConnector_Example.release.xcconfig"; sourceTree = "<group>"; };
		A194C1BA47AE2EADBB08C844 /* Pods_SimpleConnector_Example.framework */ = {isa = PBXFileReference; explicitFileType = wrapper.framework; includeInIndex = 0; path = Pods_SimpleConnector_Example.framework; sourceTree = BUILT_PRODUCTS_DIR; };
		AEB68496B853F8E3689D667E /* Pods-SimpleConnector_Tests.release.xcconfig */ = {isa = PBXFileReference; includeInIndex = 1; lastKnownFileType = text.xcconfig; name = "Pods-SimpleConnector_Tests.release.xcconfig"; path = "Target Support Files/Pods-SimpleConnector_Tests/Pods-SimpleConnector_Tests.release.xcconfig"; sourceTree = "<group>"; };
		CCEFB1B376C3D3295DF8A065 /* Pods-SimpleConnector_Example.debug.xcconfig */ = {isa = PBXFileReference; includeInIndex = 1; lastKnownFileType = text.xcconfig; name = "Pods-SimpleConnector_Example.debug.xcconfig"; path = "Target Support Files/Pods-SimpleConnector_Example/Pods-SimpleConnector_Example.debug.xcconfig"; sourceTree = "<group>"; };
		CE60AF8D8CC2883CBC081F8F /* Pods-SimpleConnector_Tests.debug.xcconfig */ = {isa = PBXFileReference; includeInIndex = 1; lastKnownFileType = text.xcconfig; name = "Pods-SimpleConnector_Tests.debug.xcconfig"; path = "Target Support Files/Pods-SimpleConnector_Tests/Pods-SimpleConnector_Tests.debug.xcconfig"; sourceTree = "<group>"; };
		D07C00DF48597FEEFDBFC42C /* README.md */ = {isa = PBXFileReference; includeInIndex = 1; lastKnownFileType = net.daringfireball.markdown; name = README.md; path = ../README.md; sourceTree = "<group>"; };
		D58673C900E4C9F5E18835DD /* LICENSE */ = {isa = PBXFileReference; includeInIndex = 1; lastKnownFileType = text; name = LICENSE; path = ../LICENSE; sourceTree = "<group>"; };
/* End PBXFileReference section */

/* Begin PBXFrameworksBuildPhase section */
		607FACCD1AFB9204008FA782 /* Frameworks */ = {
			isa = PBXFrameworksBuildPhase;
			buildActionMask = 2147483647;
			files = (
				AACBA8619070AFA7E09F17E5 /* Pods_SimpleConnector_Example.framework in Frameworks */,
			);
			runOnlyForDeploymentPostprocessing = 0;
		};
/* End PBXFrameworksBuildPhase section */

/* Begin PBXGroup section */
		2F3E8BEB2448EA890096138B /* Certificates */ = {
			isa = PBXGroup;
			children = (
				2F3E8BEC2448EA890096138B /* PontaGithubPinning.cer */,
				2F3E8BED2448EA890096138B /* MeioUOLPinning.cer */,
				2F3E8BEE2448EA890096138B /* MeioGithubPinning.cer */,
				2F3E8BEF2448EA890096138B /* RaizUOLPinning.cer */,
				2F3E8BF02448EA890096138B /* RaizGithubPinning.cer */,
			);
			path = Certificates;
			sourceTree = "<group>";
		};
		491FE347E5405E2BD770B04E /* Frameworks */ = {
			isa = PBXGroup;
			children = (
				A194C1BA47AE2EADBB08C844 /* Pods_SimpleConnector_Example.framework */,
				53BA126247CA06ED09A4303D /* Pods_SimpleConnector_Tests.framework */,
			);
			name = Frameworks;
			sourceTree = "<group>";
		};
		607FACC71AFB9204008FA782 = {
			isa = PBXGroup;
			children = (
				607FACF51AFB993E008FA782 /* Podspec Metadata */,
				607FACD21AFB9204008FA782 /* Example for SimpleConnector */,
				607FACD11AFB9204008FA782 /* Products */,
				F7612BAF3364D61C7DE09618 /* Pods */,
				491FE347E5405E2BD770B04E /* Frameworks */,
			);
			sourceTree = "<group>";
		};
		607FACD11AFB9204008FA782 /* Products */ = {
			isa = PBXGroup;
			children = (
				607FACD01AFB9204008FA782 /* SimpleConnector_Example.app */,
			);
			name = Products;
			sourceTree = "<group>";
		};
		607FACD21AFB9204008FA782 /* Example for SimpleConnector */ = {
			isa = PBXGroup;
			children = (
				607FACD51AFB9204008FA782 /* AppDelegate.swift */,
				2F3E8BF62448EA900096138B /* SampleListTableViewController.swift */,
				2F90218C24494AAB003CDC19 /* SampleResponseTableViewController.swift */,
				607FACDC1AFB9204008FA782 /* Images.xcassets */,
				607FACDE1AFB9204008FA782 /* LaunchScreen.xib */,
				2F3E8BEB2448EA890096138B /* Certificates */,
				607FACD31AFB9204008FA782 /* Supporting Files */,
			);
			name = "Example for SimpleConnector";
			path = SimpleConnector;
			sourceTree = "<group>";
		};
		607FACD31AFB9204008FA782 /* Supporting Files */ = {
			isa = PBXGroup;
			children = (
				607FACD41AFB9204008FA782 /* Info.plist */,
			);
			name = "Supporting Files";
			sourceTree = "<group>";
		};
		607FACF51AFB993E008FA782 /* Podspec Metadata */ = {
			isa = PBXGroup;
			children = (
				4618369CE498D1BFC9A8F3F8 /* SimpleConnector.podspec */,
				D07C00DF48597FEEFDBFC42C /* README.md */,
				D58673C900E4C9F5E18835DD /* LICENSE */,
			);
			name = "Podspec Metadata";
			sourceTree = "<group>";
		};
		F7612BAF3364D61C7DE09618 /* Pods */ = {
			isa = PBXGroup;
			children = (
				CCEFB1B376C3D3295DF8A065 /* Pods-SimpleConnector_Example.debug.xcconfig */,
				83615D7726F4A49E6EDD0D8E /* Pods-SimpleConnector_Example.release.xcconfig */,
				CE60AF8D8CC2883CBC081F8F /* Pods-SimpleConnector_Tests.debug.xcconfig */,
				AEB68496B853F8E3689D667E /* Pods-SimpleConnector_Tests.release.xcconfig */,
			);
			path = Pods;
			sourceTree = "<group>";
		};
/* End PBXGroup section */

/* Begin PBXNativeTarget section */
		607FACCF1AFB9204008FA782 /* SimpleConnector_Example */ = {
			isa = PBXNativeTarget;
			buildConfigurationList = 607FACEF1AFB9204008FA782 /* Build configuration list for PBXNativeTarget "SimpleConnector_Example" */;
			buildPhases = (
				E91C86F9447A98930CB45B02 /* [CP] Check Pods Manifest.lock */,
				607FACCC1AFB9204008FA782 /* Sources */,
				607FACCD1AFB9204008FA782 /* Frameworks */,
				607FACCE1AFB9204008FA782 /* Resources */,
				3FD222DC23B3A45F9142819F /* [CP] Embed Pods Frameworks */,
			);
			buildRules = (
			);
			dependencies = (
			);
			name = SimpleConnector_Example;
			productName = SimpleConnector;
			productReference = 607FACD01AFB9204008FA782 /* SimpleConnector_Example.app */;
			productType = "com.apple.product-type.application";
		};
/* End PBXNativeTarget section */

/* Begin PBXProject section */
		607FACC81AFB9204008FA782 /* Project object */ = {
			isa = PBXProject;
			attributes = {
				LastSwiftUpdateCheck = 0830;
				LastUpgradeCheck = 1130;
				ORGANIZATIONNAME = CocoaPods;
				TargetAttributes = {
					607FACCF1AFB9204008FA782 = {
						CreatedOnToolsVersion = 6.3.1;
						LastSwiftMigration = 1130;
					};
				};
			};
			buildConfigurationList = 607FACCB1AFB9204008FA782 /* Build configuration list for PBXProject "SimpleConnector" */;
			compatibilityVersion = "Xcode 3.2";
			developmentRegion = English;
			hasScannedForEncodings = 0;
			knownRegions = (
				English,
				en,
				Base,
			);
			mainGroup = 607FACC71AFB9204008FA782;
			productRefGroup = 607FACD11AFB9204008FA782 /* Products */;
			projectDirPath = "";
			projectRoot = "";
			targets = (
				607FACCF1AFB9204008FA782 /* SimpleConnector_Example */,
			);
		};
/* End PBXProject section */

/* Begin PBXResourcesBuildPhase section */
		607FACCE1AFB9204008FA782 /* Resources */ = {
			isa = PBXResourcesBuildPhase;
			buildActionMask = 2147483647;
			files = (
				2F3E8BF42448EA890096138B /* RaizUOLPinning.cer in Resources */,
				2F3E8BF52448EA890096138B /* RaizGithubPinning.cer in Resources */,
				2F3E8BF22448EA890096138B /* MeioUOLPinning.cer in Resources */,
				607FACE01AFB9204008FA782 /* LaunchScreen.xib in Resources */,
				2F3E8BF12448EA890096138B /* PontaGithubPinning.cer in Resources */,
				607FACDD1AFB9204008FA782 /* Images.xcassets in Resources */,
				2F3E8BF32448EA890096138B /* MeioGithubPinning.cer in Resources */,
			);
			runOnlyForDeploymentPostprocessing = 0;
		};
/* End PBXResourcesBuildPhase section */

/* Begin PBXShellScriptBuildPhase section */
		3FD222DC23B3A45F9142819F /* [CP] Embed Pods Frameworks */ = {
			isa = PBXShellScriptBuildPhase;
			buildActionMask = 2147483647;
			files = (
			);
			inputPaths = (
				"${PODS_ROOT}/Target Support Files/Pods-SimpleConnector_Example/Pods-SimpleConnector_Example-frameworks.sh",
				"${BUILT_PRODUCTS_DIR}/SimpleConnector/SimpleConnector.framework",
			);
			name = "[CP] Embed Pods Frameworks";
			outputPaths = (
				"${TARGET_BUILD_DIR}/${FRAMEWORKS_FOLDER_PATH}/SimpleConnector.framework",
			);
			runOnlyForDeploymentPostprocessing = 0;
			shellPath = /bin/sh;
			shellScript = "\"${PODS_ROOT}/Target Support Files/Pods-SimpleConnector_Example/Pods-SimpleConnector_Example-frameworks.sh\"\n";
			showEnvVarsInLog = 0;
		};
		E91C86F9447A98930CB45B02 /* [CP] Check Pods Manifest.lock */ = {
			isa = PBXShellScriptBuildPhase;
			buildActionMask = 2147483647;
			files = (
			);
			inputFileListPaths = (
			);
			inputPaths = (
				"${PODS_PODFILE_DIR_PATH}/Podfile.lock",
				"${PODS_ROOT}/Manifest.lock",
			);
			name = "[CP] Check Pods Manifest.lock";
			outputFileListPaths = (
			);
			outputPaths = (
				"$(DERIVED_FILE_DIR)/Pods-SimpleConnector_Example-checkManifestLockResult.txt",
			);
			runOnlyForDeploymentPostprocessing = 0;
			shellPath = /bin/sh;
			shellScript = "diff \"${PODS_PODFILE_DIR_PATH}/Podfile.lock\" \"${PODS_ROOT}/Manifest.lock\" > /dev/null\nif [ $? != 0 ] ; then\n    # print error to STDERR\n    echo \"error: The sandbox is not in sync with the Podfile.lock. Run 'pod install' or update your CocoaPods installation.\" >&2\n    exit 1\nfi\n# This output is used by Xcode 'outputs' to avoid re-running this script phase.\necho \"SUCCESS\" > \"${SCRIPT_OUTPUT_FILE_0}\"\n";
			showEnvVarsInLog = 0;
		};
/* End PBXShellScriptBuildPhase section */

/* Begin PBXSourcesBuildPhase section */
		607FACCC1AFB9204008FA782 /* Sources */ = {
			isa = PBXSourcesBuildPhase;
			buildActionMask = 2147483647;
			files = (
				2F90218D24494AAB003CDC19 /* SampleResponseTableViewController.swift in Sources */,
				607FACD61AFB9204008FA782 /* AppDelegate.swift in Sources */,
				2F3E8BF72448EA900096138B /* SampleListTableViewController.swift in Sources */,
			);
			runOnlyForDeploymentPostprocessing = 0;
		};
/* End PBXSourcesBuildPhase section */

/* Begin PBXVariantGroup section */
		607FACDE1AFB9204008FA782 /* LaunchScreen.xib */ = {
			isa = PBXVariantGroup;
			children = (
				607FACDF1AFB9204008FA782 /* Base */,
			);
			name = LaunchScreen.xib;
			sourceTree = "<group>";
		};
/* End PBXVariantGroup section */

/* Begin XCBuildConfiguration section */
		607FACED1AFB9204008FA782 /* Debug */ = {
			isa = XCBuildConfiguration;
			buildSettings = {
				ALWAYS_SEARCH_USER_PATHS = NO;
				CLANG_ANALYZER_LOCALIZABILITY_NONLOCALIZED = YES;
				CLANG_CXX_LANGUAGE_STANDARD = "gnu++0x";
				CLANG_CXX_LIBRARY = "libc++";
				CLANG_ENABLE_MODULES = YES;
				CLANG_ENABLE_OBJC_ARC = YES;
				CLANG_WARN_BLOCK_CAPTURE_AUTORELEASING = YES;
				CLANG_WARN_BOOL_CONVERSION = YES;
				CLANG_WARN_COMMA = YES;
				CLANG_WARN_CONSTANT_CONVERSION = YES;
				CLANG_WARN_DEPRECATED_OBJC_IMPLEMENTATIONS = YES;
				CLANG_WARN_DIRECT_OBJC_ISA_USAGE = YES_ERROR;
				CLANG_WARN_EMPTY_BODY = YES;
				CLANG_WARN_ENUM_CONVERSION = YES;
				CLANG_WARN_INFINITE_RECURSION = YES;
				CLANG_WARN_INT_CONVERSION = YES;
				CLANG_WARN_NON_LITERAL_NULL_CONVERSION = YES;
				CLANG_WARN_OBJC_IMPLICIT_RETAIN_SELF = YES;
				CLANG_WARN_OBJC_LITERAL_CONVERSION = YES;
				CLANG_WARN_OBJC_ROOT_CLASS = YES_ERROR;
				CLANG_WARN_RANGE_LOOP_ANALYSIS = YES;
				CLANG_WARN_STRICT_PROTOTYPES = YES;
				CLANG_WARN_SUSPICIOUS_MOVE = YES;
				CLANG_WARN_UNREACHABLE_CODE = YES;
				CLANG_WARN__DUPLICATE_METHOD_MATCH = YES;
				"CODE_SIGN_IDENTITY[sdk=iphoneos*]" = "iPhone Developer";
				COPY_PHASE_STRIP = NO;
				DEBUG_INFORMATION_FORMAT = "dwarf-with-dsym";
				ENABLE_STRICT_OBJC_MSGSEND = YES;
				ENABLE_TESTABILITY = YES;
				GCC_C_LANGUAGE_STANDARD = gnu99;
				GCC_DYNAMIC_NO_PIC = NO;
				GCC_NO_COMMON_BLOCKS = YES;
				GCC_OPTIMIZATION_LEVEL = 0;
				GCC_PREPROCESSOR_DEFINITIONS = (
					"DEBUG=1",
					"$(inherited)",
				);
				GCC_SYMBOLS_PRIVATE_EXTERN = NO;
				GCC_WARN_64_TO_32_BIT_CONVERSION = YES;
				GCC_WARN_ABOUT_RETURN_TYPE = YES_ERROR;
				GCC_WARN_UNDECLARED_SELECTOR = YES;
				GCC_WARN_UNINITIALIZED_AUTOS = YES_AGGRESSIVE;
				GCC_WARN_UNUSED_FUNCTION = YES;
				GCC_WARN_UNUSED_VARIABLE = YES;
				IPHONEOS_DEPLOYMENT_TARGET = 9.0;
				MTL_ENABLE_DEBUG_INFO = YES;
				ONLY_ACTIVE_ARCH = YES;
				SDKROOT = iphoneos;
				SWIFT_OPTIMIZATION_LEVEL = "-Onone";
				SWIFT_VERSION = 5.0;
			};
			name = Debug;
		};
		607FACEE1AFB9204008FA782 /* Release */ = {
			isa = XCBuildConfiguration;
			buildSettings = {
				ALWAYS_SEARCH_USER_PATHS = NO;
				CLANG_ANALYZER_LOCALIZABILITY_NONLOCALIZED = YES;
				CLANG_CXX_LANGUAGE_STANDARD = "gnu++0x";
				CLANG_CXX_LIBRARY = "libc++";
				CLANG_ENABLE_MODULES = YES;
				CLANG_ENABLE_OBJC_ARC = YES;
				CLANG_WARN_BLOCK_CAPTURE_AUTORELEASING = YES;
				CLANG_WARN_BOOL_CONVERSION = YES;
				CLANG_WARN_COMMA = YES;
				CLANG_WARN_CONSTANT_CONVERSION = YES;
				CLANG_WARN_DEPRECATED_OBJC_IMPLEMENTATIONS = YES;
				CLANG_WARN_DIRECT_OBJC_ISA_USAGE = YES_ERROR;
				CLANG_WARN_EMPTY_BODY = YES;
				CLANG_WARN_ENUM_CONVERSION = YES;
				CLANG_WARN_INFINITE_RECURSION = YES;
				CLANG_WARN_INT_CONVERSION = YES;
				CLANG_WARN_NON_LITERAL_NULL_CONVERSION = YES;
				CLANG_WARN_OBJC_IMPLICIT_RETAIN_SELF = YES;
				CLANG_WARN_OBJC_LITERAL_CONVERSION = YES;
				CLANG_WARN_OBJC_ROOT_CLASS = YES_ERROR;
				CLANG_WARN_RANGE_LOOP_ANALYSIS = YES;
				CLANG_WARN_STRICT_PROTOTYPES = YES;
				CLANG_WARN_SUSPICIOUS_MOVE = YES;
				CLANG_WARN_UNREACHABLE_CODE = YES;
				CLANG_WARN__DUPLICATE_METHOD_MATCH = YES;
				"CODE_SIGN_IDENTITY[sdk=iphoneos*]" = "iPhone Developer";
				COPY_PHASE_STRIP = NO;
				DEBUG_INFORMATION_FORMAT = "dwarf-with-dsym";
				ENABLE_NS_ASSERTIONS = NO;
				ENABLE_STRICT_OBJC_MSGSEND = YES;
				GCC_C_LANGUAGE_STANDARD = gnu99;
				GCC_NO_COMMON_BLOCKS = YES;
				GCC_WARN_64_TO_32_BIT_CONVERSION = YES;
				GCC_WARN_ABOUT_RETURN_TYPE = YES_ERROR;
				GCC_WARN_UNDECLARED_SELECTOR = YES;
				GCC_WARN_UNINITIALIZED_AUTOS = YES_AGGRESSIVE;
				GCC_WARN_UNUSED_FUNCTION = YES;
				GCC_WARN_UNUSED_VARIABLE = YES;
				IPHONEOS_DEPLOYMENT_TARGET = 9.0;
				MTL_ENABLE_DEBUG_INFO = NO;
				SDKROOT = iphoneos;
				SWIFT_OPTIMIZATION_LEVEL = "-Owholemodule";
				SWIFT_VERSION = 5.0;
				VALIDATE_PRODUCT = YES;
			};
			name = Release;
		};
		607FACF01AFB9204008FA782 /* Debug */ = {
			isa = XCBuildConfiguration;
			baseConfigurationReference = CCEFB1B376C3D3295DF8A065 /* Pods-SimpleConnector_Example.debug.xcconfig */;
			buildSettings = {
				ASSETCATALOG_COMPILER_APPICON_NAME = AppIcon;
				INFOPLIST_FILE = SimpleConnector/Info.plist;
				LD_RUNPATH_SEARCH_PATHS = "$(inherited) @executable_path/Frameworks";
				MODULE_NAME = ExampleApp;
				PRODUCT_BUNDLE_IDENTIFIER = "org.cocoapods.demo.$(PRODUCT_NAME:rfc1034identifier)";
				PRODUCT_NAME = "$(TARGET_NAME)";
				SWIFT_SWIFT3_OBJC_INFERENCE = Default;
				SWIFT_VERSION = 5.0;
			};
			name = Debug;
		};
		607FACF11AFB9204008FA782 /* Release */ = {
			isa = XCBuildConfiguration;
			baseConfigurationReference = 83615D7726F4A49E6EDD0D8E /* Pods-SimpleConnector_Example.release.xcconfig */;
			buildSettings = {
				ASSETCATALOG_COMPILER_APPICON_NAME = AppIcon;
				INFOPLIST_FILE = SimpleConnector/Info.plist;
				LD_RUNPATH_SEARCH_PATHS = "$(inherited) @executable_path/Frameworks";
				MODULE_NAME = ExampleApp;
				PRODUCT_BUNDLE_IDENTIFIER = "org.cocoapods.demo.$(PRODUCT_NAME:rfc1034identifier)";
				PRODUCT_NAME = "$(TARGET_NAME)";
				SWIFT_SWIFT3_OBJC_INFERENCE = Default;
				SWIFT_VERSION = 5.0;
			};
			name = Release;
		};
/* End XCBuildConfiguration section */

/* Begin XCConfigurationList section */
		607FACCB1AFB9204008FA782 /* Build configuration list for PBXProject "SimpleConnector" */ = {
			isa = XCConfigurationList;
			buildConfigurations = (
				607FACED1AFB9204008FA782 /* Debug */,
				607FACEE1AFB9204008FA782 /* Release */,
			);
			defaultConfigurationIsVisible = 0;
			defaultConfigurationName = Release;
		};
		607FACEF1AFB9204008FA782 /* Build configuration list for PBXNativeTarget "SimpleConnector_Example" */ = {
			isa = XCConfigurationList;
			buildConfigurations = (
				607FACF01AFB9204008FA782 /* Debug */,
				607FACF11AFB9204008FA782 /* Release */,
			);
			defaultConfigurationIsVisible = 0;
			defaultConfigurationName = Release;
		};
/* End XCConfigurationList section */
	};
	rootObject = 607FACC81AFB9204008FA782 /* Project object */;
}
